
Microsoft Visual Studio Solution File, Format Version 12.00
# Visual Studio Version 17
VisualStudioVersion = 17.10.34804.81
MinimumVisualStudioVersion = 10.0.40219.1
Project("{9A19103F-16F7-4668-BE54-9A1E7A4F7556}") = "AzureDevOps.WorkItemClone.ConsoleUI", "AzureDevOps.WorkItemClone.ConsoleUI\AzureDevOps.WorkItemClone.ConsoleUI.csproj", "{04AE690F-2046-44EB-AC33-559504EEB7AF}"
EndProject
Project("{9A19103F-16F7-4668-BE54-9A1E7A4F7556}") = "AzureDevOps.WorkItemClone", "AzureDevOps.WorkItemClone\AzureDevOps.WorkItemClone.csproj", "{50C9BE36-226A-4546-B84B-AE32F7E76C69}"
EndProject
Project("{2150E333-8FDC-42A3-9474-1A3956D46DE8}") = "Solution Items", "Solution Items", "{F583DC39-F8DC-46A8-80E8-AC0458DEE366}"
	ProjectSection(SolutionItems) = preProject
		TestData\ADO_TESTProjPipline_V03.json = TestData\ADO_TESTProjPipline_V03.json
	EndProjectSection
EndProject
Global
	GlobalSection(SolutionConfigurationPlatforms) = preSolution
		Debug|Any CPU = Debug|Any CPU
		Release|Any CPU = Release|Any CPU
	EndGlobalSection
	GlobalSection(ProjectConfigurationPlatforms) = postSolution
		{04AE690F-2046-44EB-AC33-559504EEB7AF}.Debug|Any CPU.ActiveCfg = Debug|Any CPU
		{04AE690F-2046-44EB-AC33-559504EEB7AF}.Debug|Any CPU.Build.0 = Debug|Any CPU
		{04AE690F-2046-44EB-AC33-559504EEB7AF}.Release|Any CPU.ActiveCfg = Release|Any CPU
		{04AE690F-2046-44EB-AC33-559504EEB7AF}.Release|Any CPU.Build.0 = Release|Any CPU
		{50C9BE36-226A-4546-B84B-AE32F7E76C69}.Debug|Any CPU.ActiveCfg = Debug|Any CPU
		{50C9BE36-226A-4546-B84B-AE32F7E76C69}.Debug|Any CPU.Build.0 = Debug|Any CPU
		{50C9BE36-226A-4546-B84B-AE32F7E76C69}.Release|Any CPU.ActiveCfg = Release|Any CPU
		{50C9BE36-226A-4546-B84B-AE32F7E76C69}.Release|Any CPU.Build.0 = Release|Any CPU
	EndGlobalSection
	GlobalSection(SolutionProperties) = preSolution
		HideSolutionNode = FALSE
	EndGlobalSection
	GlobalSection(ExtensibilityGlobals) = postSolution
		SolutionGuid = {2CF894BB-4579-4F05-AC7B-61657F200EAF}
	EndGlobalSection
EndGlobal
